
Microsoft Visual Studio Solution File, Format Version 12.00
# Visual Studio Version 17
VisualStudioVersion = 17.0.31717.71
MinimumVisualStudioVersion = 10.0.40219.1
Project("{9A19103F-16F7-4668-BE54-9A1E7A4F7556}") = "Rapture.Api", "Rapture.Api\Rapture.Api.csproj", "{3F2B3490-8A9B-496D-9FD4-0F4C35D42992}"
EndProject
Project("{9A19103F-16F7-4668-BE54-9A1E7A4F7556}") = "Rapture.Repository", "Rapture.Repository\Rapture.Repository.csproj", "{8DA45ACD-B224-4A16-A622-97A60F14591A}"
EndProject
Project("{9A19103F-16F7-4668-BE54-9A1E7A4F7556}") = "Rapture.Service", "Rapture.Service\Rapture.Service.csproj", "{FD69FBA8-E9A0-4F69-BE98-418C749DE76E}"
EndProject
Project("{9A19103F-16F7-4668-BE54-9A1E7A4F7556}") = "Rapture.Common", "Rapture.Common\Rapture.Common.csproj", "{75841D9F-0BA9-4470-A82B-84EA244065A1}"
EndProject
Global
	GlobalSection(SolutionConfigurationPlatforms) = preSolution
		Debug|Any CPU = Debug|Any CPU
		Release|Any CPU = Release|Any CPU
	EndGlobalSection
	GlobalSection(ProjectConfigurationPlatforms) = postSolution
		{3F2B3490-8A9B-496D-9FD4-0F4C35D42992}.Debug|Any CPU.ActiveCfg = Debug|Any CPU
		{3F2B3490-8A9B-496D-9FD4-0F4C35D42992}.Debug|Any CPU.Build.0 = Debug|Any CPU
		{3F2B3490-8A9B-496D-9FD4-0F4C35D42992}.Release|Any CPU.ActiveCfg = Release|Any CPU
		{3F2B3490-8A9B-496D-9FD4-0F4C35D42992}.Release|Any CPU.Build.0 = Release|Any CPU
		{8DA45ACD-B224-4A16-A622-97A60F14591A}.Debug|Any CPU.ActiveCfg = Debug|Any CPU
		{8DA45ACD-B224-4A16-A622-97A60F14591A}.Debug|Any CPU.Build.0 = Debug|Any CPU
		{8DA45ACD-B224-4A16-A622-97A60F14591A}.Release|Any CPU.ActiveCfg = Release|Any CPU
		{8DA45ACD-B224-4A16-A622-97A60F14591A}.Release|Any CPU.Build.0 = Release|Any CPU
		{FD69FBA8-E9A0-4F69-BE98-418C749DE76E}.Debug|Any CPU.ActiveCfg = Debug|Any CPU
		{FD69FBA8-E9A0-4F69-BE98-418C749DE76E}.Debug|Any CPU.Build.0 = Debug|Any CPU
		{FD69FBA8-E9A0-4F69-BE98-418C749DE76E}.Release|Any CPU.ActiveCfg = Release|Any CPU
		{FD69FBA8-E9A0-4F69-BE98-418C749DE76E}.Release|Any CPU.Build.0 = Release|Any CPU
		{75841D9F-0BA9-4470-A82B-84EA244065A1}.Debug|Any CPU.ActiveCfg = Debug|Any CPU
		{75841D9F-0BA9-4470-A82B-84EA244065A1}.Debug|Any CPU.Build.0 = Debug|Any CPU
		{75841D9F-0BA9-4470-A82B-84EA244065A1}.Release|Any CPU.ActiveCfg = Release|Any CPU
		{75841D9F-0BA9-4470-A82B-84EA244065A1}.Release|Any CPU.Build.0 = Release|Any CPU
	EndGlobalSection
	GlobalSection(SolutionProperties) = preSolution
		HideSolutionNode = FALSE
	EndGlobalSection
	GlobalSection(ExtensibilityGlobals) = postSolution
		SolutionGuid = {6DD8266D-B31B-4FD8-9B22-B68C135E93B5}
	EndGlobalSection
EndGlobal
